<?xml version="1.0" encoding="utf-8"?>
<Project ToolsVersion="4.0" xmlns="http://schemas.microsoft.com/developer/msbuild/2003">
  <ItemGroup>
    <Filter Include="소스 파일">
      <UniqueIdentifier>{4496876A-8EA6-4E50-B4A6-F211B829A8B3}</UniqueIdentifier>
      <Extensions>cpp;c;cc;cxx</Extensions>
    </Filter>
    <Filter Include="헤더 파일">
      <UniqueIdentifier>{6910A6A8-B8D1-464E-BD5E-11BAE071B505}</UniqueIdentifier>
      <Extensions>h;hpp;inl</Extensions>
    </Filter>
    <Filter Include="헤더 파일\MyHash">
      <UniqueIdentifier>{6500c480-cdb1-428f-ad51-bca0c3372923}</UniqueIdentifier>
    </Filter>
    <Filter Include="헤더 파일\MyHashTable">
      <UniqueIdentifier>{2eb884a5-756f-417e-a1b2-725321394c20}</UniqueIdentifier>
    </Filter>
    <Filter Include="헤더 파일\MyUnorderedMap">
      <UniqueIdentifier>{fb9f2e16-a20d-49b3-baba-7b02a5a5b135}</UniqueIdentifier>
    </Filter>
    <Filter Include="헤더 파일\MyUnorderedSet">
      <UniqueIdentifier>{929bc529-9d6e-427a-bfa4-3a440246463d}</UniqueIdentifier>
    </Filter>
  </ItemGroup>
  <ItemGroup>
    <ClCompile Include="..\Private\Main.cpp">
      <Filter>소스 파일</Filter>
    </ClCompile>
  </ItemGroup>
  <ItemGroup>
    <ClInclude Include="..\Public\MyHash.h">
      <Filter>헤더 파일\MyHash</Filter>
    </ClInclude>
    <ClInclude Include="..\Public\MyHashTable.h">
      <Filter>헤더 파일\MyHashTable</Filter>
    </ClInclude>
    <ClInclude Include="..\Public\MyUnorderedMap.h">
      <Filter>헤더 파일\MyUnorderedMap</Filter>
    </ClInclude>
    <ClInclude Include="..\Public\MyUnorderedMultiMap.h">
      <Filter>헤더 파일\MyUnorderedMap</Filter>
    </ClInclude>
    <ClInclude Include="..\Public\MyUnorderedMultiSet.h">
      <Filter>헤더 파일\MyUnorderedSet</Filter>
    </ClInclude>
    <ClInclude Include="..\Public\MyUnorderedSet.h">
      <Filter>헤더 파일\MyUnorderedSet</Filter>
    </ClInclude>
  </ItemGroup>
  <ItemGroup>
    <None Include="..\Public\MyHash.inl">
      <Filter>헤더 파일\MyHash</Filter>
    </None>
    <None Include="..\Public\MyHashTable.inl">
      <Filter>헤더 파일\MyHashTable</Filter>
    </None>
    <None Include="..\Public\MyUnorderedMultiMap.inl">
      <Filter>헤더 파일\MyUnorderedMap</Filter>
    </None>
    <None Include="..\Public\MyUnorderedMap.inl">
      <Filter>헤더 파일\MyUnorderedMap</Filter>
    </None>
    <None Include="..\Public\MyUnorderedSet.inl">
      <Filter>헤더 파일\MyUnorderedSet</Filter>
    </None>
    <None Include="..\Public\MyUnorderedMultiSet.inl">
      <Filter>헤더 파일\MyUnorderedSet</Filter>
    </None>
  </ItemGroup>
</Project>